
Microsoft Visual Studio Solution File, Format Version 12.00
# Visual Studio 15
VisualStudioVersion = 15.0.28010.0
MinimumVisualStudioVersion = 10.0.40219.1
Project("{FAE04EC0-301F-11D3-BF4B-00C04F79EFBC}") = "002-BusinessLogicLayer", "002-BusinessLogicLayer\002-BusinessLogicLayer.csproj", "{39A2E7D6-12EF-4A21-90AA-A3C2D3B2812D}"
EndProject
Project("{FAE04EC0-301F-11D3-BF4B-00C04F79EFBC}") = "003-WebAPI", "003-WebAPI\003-WebAPI.csproj", "{C9DE1BF0-224C-43C4-8CD6-C7DBDA23AE48}"
EndProject
Project("{FAE04EC0-301F-11D3-BF4B-00C04F79EFBC}") = "001-DataAccessLayer", "001-DataAccessLayer\001-DataAccessLayer.csproj", "{E87088E7-3139-4C55-85D2-A237F4AE3BEB}"
EndProject
Project("{FAE04EC0-301F-11D3-BF4B-00C04F79EFBC}") = "003-WcfService", "003-WcfService\003-WcfService.csproj", "{DC2947A5-C303-41EB-84A3-89CE26D6A846}"
EndProject
Global
	GlobalSection(SolutionConfigurationPlatforms) = preSolution
		Debug|Any CPU = Debug|Any CPU
		Release|Any CPU = Release|Any CPU
	EndGlobalSection
	GlobalSection(ProjectConfigurationPlatforms) = postSolution
		{39A2E7D6-12EF-4A21-90AA-A3C2D3B2812D}.Debug|Any CPU.ActiveCfg = Debug|Any CPU
		{39A2E7D6-12EF-4A21-90AA-A3C2D3B2812D}.Debug|Any CPU.Build.0 = Debug|Any CPU
		{39A2E7D6-12EF-4A21-90AA-A3C2D3B2812D}.Release|Any CPU.ActiveCfg = Release|Any CPU
		{39A2E7D6-12EF-4A21-90AA-A3C2D3B2812D}.Release|Any CPU.Build.0 = Release|Any CPU
		{C9DE1BF0-224C-43C4-8CD6-C7DBDA23AE48}.Debug|Any CPU.ActiveCfg = Debug|Any CPU
		{C9DE1BF0-224C-43C4-8CD6-C7DBDA23AE48}.Debug|Any CPU.Build.0 = Debug|Any CPU
		{C9DE1BF0-224C-43C4-8CD6-C7DBDA23AE48}.Release|Any CPU.ActiveCfg = Release|Any CPU
		{C9DE1BF0-224C-43C4-8CD6-C7DBDA23AE48}.Release|Any CPU.Build.0 = Release|Any CPU
		{E87088E7-3139-4C55-85D2-A237F4AE3BEB}.Debug|Any CPU.ActiveCfg = Debug|Any CPU
		{E87088E7-3139-4C55-85D2-A237F4AE3BEB}.Debug|Any CPU.Build.0 = Debug|Any CPU
		{E87088E7-3139-4C55-85D2-A237F4AE3BEB}.Release|Any CPU.ActiveCfg = Release|Any CPU
		{E87088E7-3139-4C55-85D2-A237F4AE3BEB}.Release|Any CPU.Build.0 = Release|Any CPU
		{DC2947A5-C303-41EB-84A3-89CE26D6A846}.Debug|Any CPU.ActiveCfg = Debug|Any CPU
		{DC2947A5-C303-41EB-84A3-89CE26D6A846}.Debug|Any CPU.Build.0 = Debug|Any CPU
		{DC2947A5-C303-41EB-84A3-89CE26D6A846}.Release|Any CPU.ActiveCfg = Release|Any CPU
		{DC2947A5-C303-41EB-84A3-89CE26D6A846}.Release|Any CPU.Build.0 = Release|Any CPU
	EndGlobalSection
	GlobalSection(SolutionProperties) = preSolution
		HideSolutionNode = FALSE
	EndGlobalSection
	GlobalSection(ExtensibilityGlobals) = postSolution
		SolutionGuid = {0D4DD956-5680-4631-BC90-438708D7E5F1}
	EndGlobalSection
EndGlobal
